
Microsoft Visual Studio Solution File, Format Version 12.00
# Visual Studio Version 16
VisualStudioVersion = 16.0.31129.286
MinimumVisualStudioVersion = 10.0.40219.1
Project("{9A19103F-16F7-4668-BE54-9A1E7A4F7556}") = "Practice", "Practice.csproj", "{85ECE419-48EC-4097-8685-B8673AEEE06B}"
EndProject
Project("{2150E333-8FDC-42A3-9474-1A3956D46DE8}") = "Solution Items", "Solution Items", "{0040F410-6E15-456E-9BF6-15E612BFE8C3}"
	ProjectSection(SolutionItems) = preProject
		.editorconfig = .editorconfig
	EndProjectSection
EndProject
Global
	GlobalSection(SolutionConfigurationPlatforms) = preSolution
		Debug|Any CPU = Debug|Any CPU
		Release|Any CPU = Release|Any CPU
	EndGlobalSection
	GlobalSection(ProjectConfigurationPlatforms) = postSolution
		{85ECE419-48EC-4097-8685-B8673AEEE06B}.Debug|Any CPU.ActiveCfg = Debug|Any CPU
		{85ECE419-48EC-4097-8685-B8673AEEE06B}.Debug|Any CPU.Build.0 = Debug|Any CPU
		{85ECE419-48EC-4097-8685-B8673AEEE06B}.Release|Any CPU.ActiveCfg = Release|Any CPU
		{85ECE419-48EC-4097-8685-B8673AEEE06B}.Release|Any CPU.Build.0 = Release|Any CPU
	EndGlobalSection
	GlobalSection(SolutionProperties) = preSolution
		HideSolutionNode = FALSE
	EndGlobalSection
	GlobalSection(ExtensibilityGlobals) = postSolution
		SolutionGuid = {530F9971-7878-494D-B5F9-33A1B1DCB245}
	EndGlobalSection
EndGlobal
